// !$*UTF8*$!
{
	archiveVersion = 1;
	classes = {
	};
	objectVersion = 56;
	objects = {

/* Begin PBXBuildFile section */
		0708114D2B29B6D000623B74 /* CategoriesViewController.swift in Sources */ = {isa = PBXBuildFile; fileRef = 0708114C2B29B6D000623B74 /* CategoriesViewController.swift */; };
		0708114F2B29EF4900623B74 /* CategoriesModel.swift in Sources */ = {isa = PBXBuildFile; fileRef = 0708114E2B29EF4900623B74 /* CategoriesModel.swift */; };
		070811532B29F1B500623B74 /* CategoriesCollectionViewDelegate.swift in Sources */ = {isa = PBXBuildFile; fileRef = 070811522B29F1B500623B74 /* CategoriesCollectionViewDelegate.swift */; };
		070811552B29F1C200623B74 /* CategoriesCollectionViewDataSource.swift in Sources */ = {isa = PBXBuildFile; fileRef = 070811542B29F1C200623B74 /* CategoriesCollectionViewDataSource.swift */; };
		070811572B29F1D300623B74 /* CategoriesCollectionViewDelegateFlowLayout.swift in Sources */ = {isa = PBXBuildFile; fileRef = 070811562B29F1D300623B74 /* CategoriesCollectionViewDelegateFlowLayout.swift */; };
		0710CB272AF2B3B400F5478E /* CustomViewController.swift in Sources */ = {isa = PBXBuildFile; fileRef = 0710CB262AF2B3B400F5478E /* CustomViewController.swift */; };
		0710CB442AF3A7B400F5478E /* Color + extensions.swift in Sources */ = {isa = PBXBuildFile; fileRef = 0710CB432AF3A7B400F5478E /* Color + extensions.swift */; };
		0717C0AC2AE84CA700C140C9 /* AppDelegate.swift in Sources */ = {isa = PBXBuildFile; fileRef = 0717C0AB2AE84CA700C140C9 /* AppDelegate.swift */; };
		0717C0AE2AE84CA700C140C9 /* SceneDelegate.swift in Sources */ = {isa = PBXBuildFile; fileRef = 0717C0AD2AE84CA700C140C9 /* SceneDelegate.swift */; };
		0717C0B52AE84CA900C140C9 /* Assets.xcassets in Resources */ = {isa = PBXBuildFile; fileRef = 0717C0B42AE84CA900C140C9 /* Assets.xcassets */; };
		0717C0B82AE84CA900C140C9 /* LaunchScreen.storyboard in Resources */ = {isa = PBXBuildFile; fileRef = 0717C0B62AE84CA900C140C9 /* LaunchScreen.storyboard */; };
		0717C0DF2AE8577200C140C9 /* TabBarController.swift in Sources */ = {isa = PBXBuildFile; fileRef = 0717C0DE2AE8577200C140C9 /* TabBarController.swift */; };
		072B92562B1CF5BB006CA4C1 /* TopFiveWordsApiModel.swift in Sources */ = {isa = PBXBuildFile; fileRef = 072B92532B1CF5BB006CA4C1 /* TopFiveWordsApiModel.swift */; };
		072B92572B1CF5BB006CA4C1 /* WordApiModel.swift in Sources */ = {isa = PBXBuildFile; fileRef = 072B92542B1CF5BB006CA4C1 /* WordApiModel.swift */; };
		072B92582B1CF5BB006CA4C1 /* CategoryApiModel.swift in Sources */ = {isa = PBXBuildFile; fileRef = 072B92552B1CF5BB006CA4C1 /* CategoryApiModel.swift */; };
		072B925C2B1CF952006CA4C1 /* TopFiveService.swift in Sources */ = {isa = PBXBuildFile; fileRef = 072B925B2B1CF951006CA4C1 /* TopFiveService.swift */; };
		074F9DA82B2AF3C400132465 /* FirebaseAnalytics in Frameworks */ = {isa = PBXBuildFile; productRef = 074F9DA72B2AF3C400132465 /* FirebaseAnalytics */; };
		074F9DAA2B2AF3C400132465 /* FirebaseAnalyticsOnDeviceConversion in Frameworks */ = {isa = PBXBuildFile; productRef = 074F9DA92B2AF3C400132465 /* FirebaseAnalyticsOnDeviceConversion */; };
		074F9DAC2B2AF3C400132465 /* FirebaseAnalyticsSwift in Frameworks */ = {isa = PBXBuildFile; productRef = 074F9DAB2B2AF3C400132465 /* FirebaseAnalyticsSwift */; };
		074F9DAE2B2AF3C400132465 /* FirebaseAnalyticsWithoutAdIdSupport in Frameworks */ = {isa = PBXBuildFile; productRef = 074F9DAD2B2AF3C400132465 /* FirebaseAnalyticsWithoutAdIdSupport */; };
		074F9DB02B2AF3C400132465 /* FirebaseAppCheck in Frameworks */ = {isa = PBXBuildFile; productRef = 074F9DAF2B2AF3C400132465 /* FirebaseAppCheck */; };
		074F9DB22B2AF3E600132465 /* GoogleService-Info-4.plist in Resources */ = {isa = PBXBuildFile; fileRef = 074F9DB12B2AF3E600132465 /* GoogleService-Info-4.plist */; };
		074F9DA12B2A199D00132465 /* ProfileApiModel.swift in Sources */ = {isa = PBXBuildFile; fileRef = 074F9DA02B2A199D00132465 /* ProfileApiModel.swift */; };
		075BC4C22B090EE200BA372A /* TopFiveCollectionView.swift in Sources */ = {isa = PBXBuildFile; fileRef = 075BC4C12B090EE200BA372A /* TopFiveCollectionView.swift */; };
		07C4F75B2B1BC9B30073BED0 /* NetworkErrors.swift in Sources */ = {isa = PBXBuildFile; fileRef = 07C4F75A2B1BC9B30073BED0 /* NetworkErrors.swift */; };
		07C4F75D2B1BC9D30073BED0 /* ImageManagerErrors.swift in Sources */ = {isa = PBXBuildFile; fileRef = 07C4F75C2B1BC9D30073BED0 /* ImageManagerErrors.swift */; };
		07C4F7622B1BCB1C0073BED0 /* ImagePicker.swift in Sources */ = {isa = PBXBuildFile; fileRef = 07C4F7612B1BCB1C0073BED0 /* ImagePicker.swift */; };
		07C4F7762B1CF50A0073BED0 /* TopFiveWordsModel.swift in Sources */ = {isa = PBXBuildFile; fileRef = 07C4F7732B1CF50A0073BED0 /* TopFiveWordsModel.swift */; };
		07C4F7772B1CF50A0073BED0 /* CategoryModel.swift in Sources */ = {isa = PBXBuildFile; fileRef = 07C4F7742B1CF50A0073BED0 /* CategoryModel.swift */; };
		07C4F7782B1CF50A0073BED0 /* WordUIModel.swift in Sources */ = {isa = PBXBuildFile; fileRef = 07C4F7752B1CF50A0073BED0 /* WordUIModel.swift */; };
		07EF04B82AFAABBE0095DECB /* CategoriesCollectionView.swift in Sources */ = {isa = PBXBuildFile; fileRef = 07EF04B72AFAABBE0095DECB /* CategoriesCollectionView.swift */; };
		07EF04BB2AFAAF970095DECB /* MockData.swift in Sources */ = {isa = PBXBuildFile; fileRef = 07EF04BA2AFAAF970095DECB /* MockData.swift */; };
		07EF04C22AFBB9AC0095DECB /* ImageManager.swift in Sources */ = {isa = PBXBuildFile; fileRef = 07EF04C12AFBB9AC0095DECB /* ImageManager.swift */; };
		07EF04C52AFBBF880095DECB /* CategoryUIModel.swift in Sources */ = {isa = PBXBuildFile; fileRef = 07EF04C42AFBBF880095DECB /* CategoryUIModel.swift */; };
		07EF04C92AFBE9C20095DECB /* Color + configurations.swift in Sources */ = {isa = PBXBuildFile; fileRef = 07EF04C82AFBE9C20095DECB /* Color + configurations.swift */; };
		07EF04CB2AFBEC3F0095DECB /* ColorModeManager.swift in Sources */ = {isa = PBXBuildFile; fileRef = 07EF04CA2AFBEC3F0095DECB /* ColorModeManager.swift */; };
		07F1BE7B2AF828AA00F50845 /* CatalogViewController.swift in Sources */ = {isa = PBXBuildFile; fileRef = 07F1BE7A2AF828AA00F50845 /* CatalogViewController.swift */; };
		07F1BE7D2AF828B000F50845 /* CatalogModel.swift in Sources */ = {isa = PBXBuildFile; fileRef = 07F1BE7C2AF828B000F50845 /* CatalogModel.swift */; };
		07F1BE852AF828E300F50845 /* CatalogCollectionViewDelegate.swift in Sources */ = {isa = PBXBuildFile; fileRef = 07F1BE842AF828E300F50845 /* CatalogCollectionViewDelegate.swift */; };
		07F1BE872AF828EA00F50845 /* CatalogCollectionViewDataSource.swift in Sources */ = {isa = PBXBuildFile; fileRef = 07F1BE862AF828EA00F50845 /* CatalogCollectionViewDataSource.swift */; };
		07F1BE892AF828F100F50845 /* CatalogCollectionViewDelegateFlowLayout.swift in Sources */ = {isa = PBXBuildFile; fileRef = 07F1BE882AF828F100F50845 /* CatalogCollectionViewDelegateFlowLayout.swift */; };
		07F1BE8D2AF8292600F50845 /* CategoryService.swift in Sources */ = {isa = PBXBuildFile; fileRef = 07F1BE8C2AF8292600F50845 /* CategoryService.swift */; };
		07F1BE982AF8299900F50845 /* ProgressView.swift in Sources */ = {isa = PBXBuildFile; fileRef = 07F1BE972AF8299900F50845 /* ProgressView.swift */; };
		07F1BE9A2AF829A000F50845 /* TopFiveView.swift in Sources */ = {isa = PBXBuildFile; fileRef = 07F1BE992AF829A000F50845 /* TopFiveView.swift */; };
		07F1BE9F2AF829C200F50845 /* TopFiveCollectionViewCell.swift in Sources */ = {isa = PBXBuildFile; fileRef = 07F1BE9E2AF829C200F50845 /* TopFiveCollectionViewCell.swift */; };
		07F1BEA12AF829C900F50845 /* CategoryCollectionViewCell.swift in Sources */ = {isa = PBXBuildFile; fileRef = 07F1BEA02AF829C900F50845 /* CategoryCollectionViewCell.swift */; };
		07F1BEA42AF82BB500F50845 /* Font.swift in Sources */ = {isa = PBXBuildFile; fileRef = 07F1BEA32AF82BB500F50845 /* Font.swift */; };
		179FEC152B231AD000772FC8 /* Shuffle in Frameworks */ = {isa = PBXBuildFile; productRef = 179FEC142B231AD000772FC8 /* Shuffle */; };
		179FEC1A2B231AE200772FC8 /* LearningViewController.swift in Sources */ = {isa = PBXBuildFile; fileRef = 179FEC182B231AE200772FC8 /* LearningViewController.swift */; };
/* End PBXBuildFile section */

/* Begin PBXFileReference section */
		0708114C2B29B6D000623B74 /* CategoriesViewController.swift */ = {isa = PBXFileReference; lastKnownFileType = sourcecode.swift; path = CategoriesViewController.swift; sourceTree = "<group>"; };
		0708114E2B29EF4900623B74 /* CategoriesModel.swift */ = {isa = PBXFileReference; lastKnownFileType = sourcecode.swift; path = CategoriesModel.swift; sourceTree = "<group>"; };
		070811522B29F1B500623B74 /* CategoriesCollectionViewDelegate.swift */ = {isa = PBXFileReference; lastKnownFileType = sourcecode.swift; path = CategoriesCollectionViewDelegate.swift; sourceTree = "<group>"; };
		070811542B29F1C200623B74 /* CategoriesCollectionViewDataSource.swift */ = {isa = PBXFileReference; lastKnownFileType = sourcecode.swift; path = CategoriesCollectionViewDataSource.swift; sourceTree = "<group>"; };
		070811562B29F1D300623B74 /* CategoriesCollectionViewDelegateFlowLayout.swift */ = {isa = PBXFileReference; lastKnownFileType = sourcecode.swift; path = CategoriesCollectionViewDelegateFlowLayout.swift; sourceTree = "<group>"; };
		0710CB262AF2B3B400F5478E /* CustomViewController.swift */ = {isa = PBXFileReference; lastKnownFileType = sourcecode.swift; path = CustomViewController.swift; sourceTree = "<group>"; };
		0710CB432AF3A7B400F5478E /* Color + extensions.swift */ = {isa = PBXFileReference; lastKnownFileType = sourcecode.swift; path = "Color + extensions.swift"; sourceTree = "<group>"; };
		0717C0A82AE84CA700C140C9 /* easyLanguage.app */ = {isa = PBXFileReference; explicitFileType = wrapper.application; includeInIndex = 0; path = easyLanguage.app; sourceTree = BUILT_PRODUCTS_DIR; };
		0717C0AB2AE84CA700C140C9 /* AppDelegate.swift */ = {isa = PBXFileReference; lastKnownFileType = sourcecode.swift; path = AppDelegate.swift; sourceTree = "<group>"; };
		0717C0AD2AE84CA700C140C9 /* SceneDelegate.swift */ = {isa = PBXFileReference; lastKnownFileType = sourcecode.swift; path = SceneDelegate.swift; sourceTree = "<group>"; };
		0717C0B42AE84CA900C140C9 /* Assets.xcassets */ = {isa = PBXFileReference; lastKnownFileType = folder.assetcatalog; path = Assets.xcassets; sourceTree = "<group>"; };
		0717C0B72AE84CA900C140C9 /* Base */ = {isa = PBXFileReference; lastKnownFileType = file.storyboard; name = Base; path = Base.lproj/LaunchScreen.storyboard; sourceTree = "<group>"; };
		0717C0B92AE84CA900C140C9 /* Info.plist */ = {isa = PBXFileReference; lastKnownFileType = text.plist.xml; path = Info.plist; sourceTree = "<group>"; };
		0717C0DE2AE8577200C140C9 /* TabBarController.swift */ = {isa = PBXFileReference; lastKnownFileType = sourcecode.swift; path = TabBarController.swift; sourceTree = "<group>"; };
		072B92532B1CF5BB006CA4C1 /* TopFiveWordsApiModel.swift */ = {isa = PBXFileReference; fileEncoding = 4; lastKnownFileType = sourcecode.swift; name = TopFiveWordsApiModel.swift; path = easyLanguage/Network/ApiModels/TopFiveWordsApiModel.swift; sourceTree = SOURCE_ROOT; };
		072B92542B1CF5BB006CA4C1 /* WordApiModel.swift */ = {isa = PBXFileReference; fileEncoding = 4; lastKnownFileType = sourcecode.swift; name = WordApiModel.swift; path = easyLanguage/Network/ApiModels/WordApiModel.swift; sourceTree = SOURCE_ROOT; };
		072B92552B1CF5BB006CA4C1 /* CategoryApiModel.swift */ = {isa = PBXFileReference; fileEncoding = 4; lastKnownFileType = sourcecode.swift; name = CategoryApiModel.swift; path = easyLanguage/Network/ApiModels/CategoryApiModel.swift; sourceTree = SOURCE_ROOT; };
		072B925B2B1CF951006CA4C1 /* TopFiveService.swift */ = {isa = PBXFileReference; lastKnownFileType = sourcecode.swift; path = TopFiveService.swift; sourceTree = "<group>"; };
		074F9DB12B2AF3E600132465 /* GoogleService-Info-4.plist */ = {isa = PBXFileReference; fileEncoding = 4; lastKnownFileType = text.plist.xml; path = "GoogleService-Info-4.plist"; sourceTree = "<group>"; };
		074F9DA02B2A199D00132465 /* ProfileApiModel.swift */ = {isa = PBXFileReference; fileEncoding = 4; lastKnownFileType = sourcecode.swift; name = ProfileApiModel.swift; path = easyLanguage/Network/ApiModels/ProfileApiModel.swift; sourceTree = SOURCE_ROOT; };
		075BC4C12B090EE200BA372A /* TopFiveCollectionView.swift */ = {isa = PBXFileReference; lastKnownFileType = sourcecode.swift; path = TopFiveCollectionView.swift; sourceTree = "<group>"; };
		07C4F75A2B1BC9B30073BED0 /* NetworkErrors.swift */ = {isa = PBXFileReference; lastKnownFileType = sourcecode.swift; path = NetworkErrors.swift; sourceTree = "<group>"; };
		07C4F75C2B1BC9D30073BED0 /* ImageManagerErrors.swift */ = {isa = PBXFileReference; lastKnownFileType = sourcecode.swift; path = ImageManagerErrors.swift; sourceTree = "<group>"; };
		07C4F7612B1BCB1C0073BED0 /* ImagePicker.swift */ = {isa = PBXFileReference; lastKnownFileType = sourcecode.swift; path = ImagePicker.swift; sourceTree = "<group>"; };
		07C4F7732B1CF50A0073BED0 /* TopFiveWordsModel.swift */ = {isa = PBXFileReference; fileEncoding = 4; lastKnownFileType = sourcecode.swift; name = TopFiveWordsModel.swift; path = easyLanguage/Network/Models/TopFiveWordsModel.swift; sourceTree = SOURCE_ROOT; };
		07C4F7742B1CF50A0073BED0 /* CategoryModel.swift */ = {isa = PBXFileReference; fileEncoding = 4; lastKnownFileType = sourcecode.swift; name = CategoryModel.swift; path = easyLanguage/Network/Models/CategoryModel.swift; sourceTree = SOURCE_ROOT; };
		07C4F7752B1CF50A0073BED0 /* WordUIModel.swift */ = {isa = PBXFileReference; fileEncoding = 4; lastKnownFileType = sourcecode.swift; name = WordUIModel.swift; path = easyLanguage/Network/UIModels/WordUIModel.swift; sourceTree = SOURCE_ROOT; };
		07EF04B72AFAABBE0095DECB /* CategoriesCollectionView.swift */ = {isa = PBXFileReference; lastKnownFileType = sourcecode.swift; path = CategoriesCollectionView.swift; sourceTree = "<group>"; };
		07EF04BA2AFAAF970095DECB /* MockData.swift */ = {isa = PBXFileReference; lastKnownFileType = sourcecode.swift; path = MockData.swift; sourceTree = "<group>"; };
		07EF04C12AFBB9AC0095DECB /* ImageManager.swift */ = {isa = PBXFileReference; lastKnownFileType = sourcecode.swift; path = ImageManager.swift; sourceTree = "<group>"; };
		07EF04C42AFBBF880095DECB /* CategoryUIModel.swift */ = {isa = PBXFileReference; lastKnownFileType = sourcecode.swift; path = CategoryUIModel.swift; sourceTree = "<group>"; };
		07EF04C82AFBE9C20095DECB /* Color + configurations.swift */ = {isa = PBXFileReference; lastKnownFileType = sourcecode.swift; path = "Color + configurations.swift"; sourceTree = "<group>"; };
		07EF04CA2AFBEC3F0095DECB /* ColorModeManager.swift */ = {isa = PBXFileReference; lastKnownFileType = sourcecode.swift; path = ColorModeManager.swift; sourceTree = "<group>"; };
		07F1BE7A2AF828AA00F50845 /* CatalogViewController.swift */ = {isa = PBXFileReference; lastKnownFileType = sourcecode.swift; path = CatalogViewController.swift; sourceTree = "<group>"; };
		07F1BE7C2AF828B000F50845 /* CatalogModel.swift */ = {isa = PBXFileReference; lastKnownFileType = sourcecode.swift; path = CatalogModel.swift; sourceTree = "<group>"; };
		07F1BE842AF828E300F50845 /* CatalogCollectionViewDelegate.swift */ = {isa = PBXFileReference; lastKnownFileType = sourcecode.swift; path = CatalogCollectionViewDelegate.swift; sourceTree = "<group>"; };
		07F1BE862AF828EA00F50845 /* CatalogCollectionViewDataSource.swift */ = {isa = PBXFileReference; lastKnownFileType = sourcecode.swift; path = CatalogCollectionViewDataSource.swift; sourceTree = "<group>"; };
		07F1BE882AF828F100F50845 /* CatalogCollectionViewDelegateFlowLayout.swift */ = {isa = PBXFileReference; lastKnownFileType = sourcecode.swift; path = CatalogCollectionViewDelegateFlowLayout.swift; sourceTree = "<group>"; };
		07F1BE8C2AF8292600F50845 /* CategoryService.swift */ = {isa = PBXFileReference; lastKnownFileType = sourcecode.swift; path = CategoryService.swift; sourceTree = "<group>"; };
		07F1BE972AF8299900F50845 /* ProgressView.swift */ = {isa = PBXFileReference; lastKnownFileType = sourcecode.swift; path = ProgressView.swift; sourceTree = "<group>"; };
		07F1BE992AF829A000F50845 /* TopFiveView.swift */ = {isa = PBXFileReference; lastKnownFileType = sourcecode.swift; path = TopFiveView.swift; sourceTree = "<group>"; };
		07F1BE9E2AF829C200F50845 /* TopFiveCollectionViewCell.swift */ = {isa = PBXFileReference; lastKnownFileType = sourcecode.swift; path = TopFiveCollectionViewCell.swift; sourceTree = "<group>"; };
		07F1BEA02AF829C900F50845 /* CategoryCollectionViewCell.swift */ = {isa = PBXFileReference; lastKnownFileType = sourcecode.swift; path = CategoryCollectionViewCell.swift; sourceTree = "<group>"; };
		07F1BEA32AF82BB500F50845 /* Font.swift */ = {isa = PBXFileReference; lastKnownFileType = sourcecode.swift; path = Font.swift; sourceTree = "<group>"; };
		179FEC182B231AE200772FC8 /* LearningViewController.swift */ = {isa = PBXFileReference; fileEncoding = 4; lastKnownFileType = sourcecode.swift; path = LearningViewController.swift; sourceTree = "<group>"; };
/* End PBXFileReference section */

/* Begin PBXFrameworksBuildPhase section */
		0717C0A52AE84CA700C140C9 /* Frameworks */ = {
			isa = PBXFrameworksBuildPhase;
			buildActionMask = 2147483647;
			files = (
				074F9DAC2B2AF3C400132465 /* FirebaseAnalyticsSwift in Frameworks */,
				074F9DA82B2AF3C400132465 /* FirebaseAnalytics in Frameworks */,
				074F9DAA2B2AF3C400132465 /* FirebaseAnalyticsOnDeviceConversion in Frameworks */,
				074F9DB02B2AF3C400132465 /* FirebaseAppCheck in Frameworks */,
				074F9DAE2B2AF3C400132465 /* FirebaseAnalyticsWithoutAdIdSupport in Frameworks */,
				179FEC152B231AD000772FC8 /* Shuffle in Frameworks */,
			);
			runOnlyForDeploymentPostprocessing = 0;
		};
/* End PBXFrameworksBuildPhase section */

/* Begin PBXGroup section */
		0708114B2B29B6B100623B74 /* Categories */ = {
			isa = PBXGroup;
			children = (
				0708114C2B29B6D000623B74 /* CategoriesViewController.swift */,
				0708114E2B29EF4900623B74 /* CategoriesModel.swift */,
				070811512B29F19B00623B74 /* Delegates */,
				070811502B29EF5900623B74 /* Subviews */,
			);
			path = Categories;
			sourceTree = "<group>";
		};
		070811502B29EF5900623B74 /* Subviews */ = {
			isa = PBXGroup;
			children = (
				07EF04B72AFAABBE0095DECB /* CategoriesCollectionView.swift */,
				07F1BEA02AF829C900F50845 /* CategoryCollectionViewCell.swift */,
			);
			path = Subviews;
			sourceTree = "<group>";
		};
		070811512B29F19B00623B74 /* Delegates */ = {
			isa = PBXGroup;
			children = (
				070811522B29F1B500623B74 /* CategoriesCollectionViewDelegate.swift */,
				070811542B29F1C200623B74 /* CategoriesCollectionViewDataSource.swift */,
				070811562B29F1D300623B74 /* CategoriesCollectionViewDelegateFlowLayout.swift */,
			);
			path = Delegates;
			sourceTree = "<group>";
		};
		0710CB282AF2B3B800F5478E /* CustomViewController */ = {
			isa = PBXGroup;
			children = (
				0710CB262AF2B3B400F5478E /* CustomViewController.swift */,
			);
			path = CustomViewController;
			sourceTree = "<group>";
		};
		0717C09F2AE84CA700C140C9 = {
			isa = PBXGroup;
			children = (
				0717C0AA2AE84CA700C140C9 /* easyLanguage */,
				0717C0A92AE84CA700C140C9 /* Products */,
			);
			sourceTree = "<group>";
		};
		0717C0A92AE84CA700C140C9 /* Products */ = {
			isa = PBXGroup;
			children = (
				0717C0A82AE84CA700C140C9 /* easyLanguage.app */,
			);
			name = Products;
			sourceTree = "<group>";
		};
		0717C0AA2AE84CA700C140C9 /* easyLanguage */ = {
			isa = PBXGroup;
			children = (
				179FEC162B231AE200772FC8 /* LearningView */,
				0717C1182AE96CAB00C140C9 /* TabBar */,
				0717C0C22AE84D2000C140C9 /* Auth */,
				0708114B2B29B6B100623B74 /* Categories */,
				07F1BE792AF827BB00F50845 /* Catalog */,
				072B92592B1CF8CF006CA4C1 /* AddNewCategory */,
				072B925F2B1CF9EC006CA4C1 /* CategoryDetail */,
				072B925A2B1CF8F4006CA4C1 /* AddNewWord */,
				07EF04C02AFBB9920095DECB /* Network */,
				0717C0C72AE8527000C140C9 /* UI */,
				0717C0C02AE84D0500C140C9 /* Application */,
				0717C0C32AE84D2E00C140C9 /* Resources */,
			);
			path = easyLanguage;
			sourceTree = "<group>";
		};
		0717C0C02AE84D0500C140C9 /* Application */ = {
			isa = PBXGroup;
			children = (
				0717C0AB2AE84CA700C140C9 /* AppDelegate.swift */,
				0717C0AD2AE84CA700C140C9 /* SceneDelegate.swift */,
			);
			path = Application;
			sourceTree = "<group>";
		};
		0717C0C22AE84D2000C140C9 /* Auth */ = {
			isa = PBXGroup;
			children = (
			);
			path = Auth;
			sourceTree = "<group>";
		};
		0717C0C32AE84D2E00C140C9 /* Resources */ = {
			isa = PBXGroup;
			children = (
				074F9DB12B2AF3E600132465 /* GoogleService-Info-4.plist */,
				0717C0B42AE84CA900C140C9 /* Assets.xcassets */,
				0717C0B62AE84CA900C140C9 /* LaunchScreen.storyboard */,
				0717C0B92AE84CA900C140C9 /* Info.plist */,
			);
			path = Resources;
			sourceTree = "<group>";
		};
		0717C0C72AE8527000C140C9 /* UI */ = {
			isa = PBXGroup;
			children = (
				0710CB282AF2B3B800F5478E /* CustomViewController */,
				0717C0E22AE85EAC00C140C9 /* View */,
				07F1BEA22AF82BA700F50845 /* Font */,
				0717C0D42AE853B100C140C9 /* Button */,
				07C4F7602B1BCB0B0073BED0 /* ImagePicker */,
				0717C0C82AE8527500C140C9 /* Color */,
			);
			path = UI;
			sourceTree = "<group>";
		};
		0717C0C82AE8527500C140C9 /* Color */ = {
			isa = PBXGroup;
			children = (
				0710CB432AF3A7B400F5478E /* Color + extensions.swift */,
				07EF04C82AFBE9C20095DECB /* Color + configurations.swift */,
				07EF04CA2AFBEC3F0095DECB /* ColorModeManager.swift */,
			);
			path = Color;
			sourceTree = "<group>";
		};
		0717C0D42AE853B100C140C9 /* Button */ = {
			isa = PBXGroup;
			children = (
			);
			path = Button;
			sourceTree = "<group>";
		};
		0717C0E22AE85EAC00C140C9 /* View */ = {
			isa = PBXGroup;
			children = (
				07F1BE972AF8299900F50845 /* ProgressView.swift */,
			);
			path = View;
			sourceTree = "<group>";
		};
		0717C1182AE96CAB00C140C9 /* TabBar */ = {
			isa = PBXGroup;
			children = (
				0717C0DE2AE8577200C140C9 /* TabBarController.swift */,
			);
			path = TabBar;
			sourceTree = "<group>";
		};
		072B92592B1CF8CF006CA4C1 /* AddNewCategory */ = {
			isa = PBXGroup;
			children = (
			);
			path = AddNewCategory;
			sourceTree = "<group>";
		};
		072B925A2B1CF8F4006CA4C1 /* AddNewWord */ = {
			isa = PBXGroup;
			children = (
			);
			path = AddNewWord;
			sourceTree = "<group>";
		};
		072B925F2B1CF9EC006CA4C1 /* CategoryDetail */ = {
			isa = PBXGroup;
			children = (
			);
			path = CategoryDetail;
			sourceTree = "<group>";
		};
		074455632B24FB9000FA5469 /* UIModels */ = {
			isa = PBXGroup;
			children = (
				07EF04C42AFBBF880095DECB /* CategoryUIModel.swift */,
				07C4F7752B1CF50A0073BED0 /* WordUIModel.swift */,
			);
			path = UIModels;
			sourceTree = "<group>";
		};
		07C4F7592B1BC9940073BED0 /* Errors */ = {
			isa = PBXGroup;
			children = (
				07C4F75C2B1BC9D30073BED0 /* ImageManagerErrors.swift */,
				07C4F75A2B1BC9B30073BED0 /* NetworkErrors.swift */,
			);
			path = Errors;
			sourceTree = "<group>";
		};
		07C4F75F2B1BCA2B0073BED0 /* TopFive */ = {
			isa = PBXGroup;
			children = (
				07F1BE992AF829A000F50845 /* TopFiveView.swift */,
				075BC4C12B090EE200BA372A /* TopFiveCollectionView.swift */,
				07F1BE9E2AF829C200F50845 /* TopFiveCollectionViewCell.swift */,
			);
			path = TopFive;
			sourceTree = "<group>";
		};
		07C4F7602B1BCB0B0073BED0 /* ImagePicker */ = {
			isa = PBXGroup;
			children = (
				07C4F7612B1BCB1C0073BED0 /* ImagePicker.swift */,
			);
			path = ImagePicker;
			sourceTree = "<group>";
		};
		07EF04C02AFBB9920095DECB /* Network */ = {
			isa = PBXGroup;
			children = (
				074455632B24FB9000FA5469 /* UIModels */,
				07EF04BA2AFAAF970095DECB /* MockData.swift */,
				07C4F7592B1BC9940073BED0 /* Errors */,
				07F1BE7E2AF828B700F50845 /* Models */,
				07F1BE902AF8294400F50845 /* ApiModels */,
				07EF04C32AFBB9AF0095DECB /* Managers */,
			);
			path = Network;
			sourceTree = "<group>";
		};
		07EF04C32AFBB9AF0095DECB /* Managers */ = {
			isa = PBXGroup;
			children = (
				07EF04C12AFBB9AC0095DECB /* ImageManager.swift */,
			);
			path = Managers;
			sourceTree = "<group>";
		};
		07F1BE792AF827BB00F50845 /* Catalog */ = {
			isa = PBXGroup;
			children = (
				07F1BE7A2AF828AA00F50845 /* CatalogViewController.swift */,
				07F1BE7C2AF828B000F50845 /* CatalogModel.swift */,
				07F1BE832AF828CF00F50845 /* Delegates */,
				07F1BE8A2AF828F900F50845 /* Services */,
				07F1BE952AF8296800F50845 /* Subviews */,
			);
			path = Catalog;
			sourceTree = "<group>";
		};
		07F1BE7E2AF828B700F50845 /* Models */ = {
			isa = PBXGroup;
			children = (
				07C4F7742B1CF50A0073BED0 /* CategoryModel.swift */,
				07C4F7732B1CF50A0073BED0 /* TopFiveWordsModel.swift */,
			);
			name = Models;
			path = ../Catalog/Models;
			sourceTree = "<group>";
		};
		07F1BE832AF828CF00F50845 /* Delegates */ = {
			isa = PBXGroup;
			children = (
				07F1BE842AF828E300F50845 /* CatalogCollectionViewDelegate.swift */,
				07F1BE862AF828EA00F50845 /* CatalogCollectionViewDataSource.swift */,
				07F1BE882AF828F100F50845 /* CatalogCollectionViewDelegateFlowLayout.swift */,
			);
			path = Delegates;
			sourceTree = "<group>";
		};
		07F1BE8A2AF828F900F50845 /* Services */ = {
			isa = PBXGroup;
			children = (
				07F1BE8C2AF8292600F50845 /* CategoryService.swift */,
				072B925B2B1CF951006CA4C1 /* TopFiveService.swift */,
			);
			path = Services;
			sourceTree = "<group>";
		};
		07F1BE902AF8294400F50845 /* ApiModels */ = {
			isa = PBXGroup;
			children = (
				074F9DA02B2A199D00132465 /* ProfileApiModel.swift */,
				072B92552B1CF5BB006CA4C1 /* CategoryApiModel.swift */,
				072B92532B1CF5BB006CA4C1 /* TopFiveWordsApiModel.swift */,
				072B92542B1CF5BB006CA4C1 /* WordApiModel.swift */,
			);
			name = ApiModels;
			path = ../Catalog/Network/ApiModels;
			sourceTree = "<group>";
		};
		07F1BE952AF8296800F50845 /* Subviews */ = {
			isa = PBXGroup;
			children = (
				07C4F75F2B1BCA2B0073BED0 /* TopFive */,
			);
			path = Subviews;
			sourceTree = "<group>";
		};
		07F1BEA22AF82BA700F50845 /* Font */ = {
			isa = PBXGroup;
			children = (
				07F1BEA32AF82BB500F50845 /* Font.swift */,
			);
			path = Font;
			sourceTree = "<group>";
		};
		179FEC162B231AE200772FC8 /* LearningView */ = {
			isa = PBXGroup;
			children = (
				179FEC182B231AE200772FC8 /* LearningViewController.swift */,
			);
			path = LearningView;
			sourceTree = "<group>";
		};
/* End PBXGroup section */

/* Begin PBXNativeTarget section */
		0717C0A72AE84CA700C140C9 /* easyLanguage */ = {
			isa = PBXNativeTarget;
			buildConfigurationList = 0717C0BC2AE84CA900C140C9 /* Build configuration list for PBXNativeTarget "easyLanguage" */;
			buildPhases = (
				0717C0A42AE84CA700C140C9 /* Sources */,
				0717C0A52AE84CA700C140C9 /* Frameworks */,
				0717C0A62AE84CA700C140C9 /* Resources */,
				07895A3E2AF6340900E3B168 /* Run Script */,
			);
			buildRules = (
			);
			dependencies = (
			);
			name = easyLanguage;
			packageProductDependencies = (
				074F9DA72B2AF3C400132465 /* FirebaseAnalytics */,
				074F9DA92B2AF3C400132465 /* FirebaseAnalyticsOnDeviceConversion */,
				074F9DAB2B2AF3C400132465 /* FirebaseAnalyticsSwift */,
				074F9DAD2B2AF3C400132465 /* FirebaseAnalyticsWithoutAdIdSupport */,
				074F9DAF2B2AF3C400132465 /* FirebaseAppCheck */,
				179FEC142B231AD000772FC8 /* Shuffle */,
			);
			productName = easyLanguage;
			productReference = 0717C0A82AE84CA700C140C9 /* easyLanguage.app */;
			productType = "com.apple.product-type.application";
		};
/* End PBXNativeTarget section */

/* Begin PBXProject section */
		0717C0A02AE84CA700C140C9 /* Project object */ = {
			isa = PBXProject;
			attributes = {
				BuildIndependentTargetsInParallel = 1;
				LastSwiftUpdateCheck = 1500;
				LastUpgradeCheck = 1500;
				TargetAttributes = {
					0717C0A72AE84CA700C140C9 = {
						CreatedOnToolsVersion = 15.0.1;
					};
				};
			};
			buildConfigurationList = 0717C0A32AE84CA700C140C9 /* Build configuration list for PBXProject "easyLanguage" */;
			compatibilityVersion = "Xcode 14.0";
			developmentRegion = en;
			hasScannedForEncodings = 0;
			knownRegions = (
				en,
				Base,
			);
			mainGroup = 0717C09F2AE84CA700C140C9;
			packageReferences = (
				074F9DA62B2AF3C400132465 /* XCRemoteSwiftPackageReference "firebase-ios-sdk" */,
				179FEC132B231AD000772FC8 /* XCRemoteSwiftPackageReference "Shuffle" */,
			);
			productRefGroup = 0717C0A92AE84CA700C140C9 /* Products */;
			projectDirPath = "";
			projectRoot = "";
			targets = (
				0717C0A72AE84CA700C140C9 /* easyLanguage */,
			);
		};
/* End PBXProject section */

/* Begin PBXResourcesBuildPhase section */
		0717C0A62AE84CA700C140C9 /* Resources */ = {
			isa = PBXResourcesBuildPhase;
			buildActionMask = 2147483647;
			files = (
				0717C0B82AE84CA900C140C9 /* LaunchScreen.storyboard in Resources */,
				0717C0B52AE84CA900C140C9 /* Assets.xcassets in Resources */,
				074F9DB22B2AF3E600132465 /* GoogleService-Info-4.plist in Resources */,
			);
			runOnlyForDeploymentPostprocessing = 0;
		};
/* End PBXResourcesBuildPhase section */

/* Begin PBXShellScriptBuildPhase section */
		07895A3E2AF6340900E3B168 /* Run Script */ = {
			isa = PBXShellScriptBuildPhase;
			buildActionMask = 2147483647;
			files = (
			);
			inputFileListPaths = (
			);
			inputPaths = (
			);
			name = "Run Script";
			outputFileListPaths = (
			);
			outputPaths = (
			);
			runOnlyForDeploymentPostprocessing = 0;
			shellPath = /bin/sh;
			shellScript = "# Type a script or drag a script file from your workspace to insert its path.\nif which swiftlint >/dev/null; then\n    swiftlint\nelse\n    echo \"warning: SwiftLint not installed, download from https://github.com/realm/SwiftLint\"\nfi\n";
		};
/* End PBXShellScriptBuildPhase section */

/* Begin PBXSourcesBuildPhase section */
		0717C0A42AE84CA700C140C9 /* Sources */ = {
			isa = PBXSourcesBuildPhase;
			buildActionMask = 2147483647;
			files = (
				0717C0DF2AE8577200C140C9 /* TabBarController.swift in Sources */,
				07F1BE872AF828EA00F50845 /* CatalogCollectionViewDataSource.swift in Sources */,
				0710CB272AF2B3B400F5478E /* CustomViewController.swift in Sources */,
				0708114F2B29EF4900623B74 /* CategoriesModel.swift in Sources */,
				07F1BE892AF828F100F50845 /* CatalogCollectionViewDelegateFlowLayout.swift in Sources */,
				07EF04CB2AFBEC3F0095DECB /* ColorModeManager.swift in Sources */,
				07F1BE9A2AF829A000F50845 /* TopFiveView.swift in Sources */,
				07F1BE8D2AF8292600F50845 /* CategoryService.swift in Sources */,
				07EF04C22AFBB9AC0095DECB /* ImageManager.swift in Sources */,
				07EF04C52AFBBF880095DECB /* CategoryUIModel.swift in Sources */,
				070811552B29F1C200623B74 /* CategoriesCollectionViewDataSource.swift in Sources */,
				0717C0AC2AE84CA700C140C9 /* AppDelegate.swift in Sources */,
				07F1BE9F2AF829C200F50845 /* TopFiveCollectionViewCell.swift in Sources */,
				0717C0AE2AE84CA700C140C9 /* SceneDelegate.swift in Sources */,
				072B925C2B1CF952006CA4C1 /* TopFiveService.swift in Sources */,
				07F1BE7B2AF828AA00F50845 /* CatalogViewController.swift in Sources */,
				07F1BEA12AF829C900F50845 /* CategoryCollectionViewCell.swift in Sources */,
				07C4F7772B1CF50A0073BED0 /* CategoryModel.swift in Sources */,
				07C4F7782B1CF50A0073BED0 /* WordUIModel.swift in Sources */,
				070811572B29F1D300623B74 /* CategoriesCollectionViewDelegateFlowLayout.swift in Sources */,
				07EF04B82AFAABBE0095DECB /* CategoriesCollectionView.swift in Sources */,
				0708114D2B29B6D000623B74 /* CategoriesViewController.swift in Sources */,
				07C4F75B2B1BC9B30073BED0 /* NetworkErrors.swift in Sources */,
				072B92562B1CF5BB006CA4C1 /* TopFiveWordsApiModel.swift in Sources */,
				072B92572B1CF5BB006CA4C1 /* WordApiModel.swift in Sources */,
				07EF04C92AFBE9C20095DECB /* Color + configurations.swift in Sources */,
				07EF04BB2AFAAF970095DECB /* MockData.swift in Sources */,
				07C4F7622B1BCB1C0073BED0 /* ImagePicker.swift in Sources */,
				075BC4C22B090EE200BA372A /* TopFiveCollectionView.swift in Sources */,
				07C4F75D2B1BC9D30073BED0 /* ImageManagerErrors.swift in Sources */,
				0710CB442AF3A7B400F5478E /* Color + extensions.swift in Sources */,
				07F1BEA42AF82BB500F50845 /* Font.swift in Sources */,
				07F1BE982AF8299900F50845 /* ProgressView.swift in Sources */,
				179FEC1A2B231AE200772FC8 /* LearningViewController.swift in Sources */,
				074F9DA12B2A199D00132465 /* ProfileApiModel.swift in Sources */,
				07C4F7762B1CF50A0073BED0 /* TopFiveWordsModel.swift in Sources */,
				070811532B29F1B500623B74 /* CategoriesCollectionViewDelegate.swift in Sources */,
				07F1BE7D2AF828B000F50845 /* CatalogModel.swift in Sources */,
				072B92582B1CF5BB006CA4C1 /* CategoryApiModel.swift in Sources */,
				07F1BE852AF828E300F50845 /* CatalogCollectionViewDelegate.swift in Sources */,
			);
			runOnlyForDeploymentPostprocessing = 0;
		};
/* End PBXSourcesBuildPhase section */

/* Begin PBXVariantGroup section */
		0717C0B62AE84CA900C140C9 /* LaunchScreen.storyboard */ = {
			isa = PBXVariantGroup;
			children = (
				0717C0B72AE84CA900C140C9 /* Base */,
			);
			name = LaunchScreen.storyboard;
			sourceTree = "<group>";
		};
/* End PBXVariantGroup section */

/* Begin XCBuildConfiguration section */
		0717C0BA2AE84CA900C140C9 /* Debug */ = {
			isa = XCBuildConfiguration;
			buildSettings = {
				ALWAYS_SEARCH_USER_PATHS = NO;
				ASSETCATALOG_COMPILER_GENERATE_SWIFT_ASSET_SYMBOL_EXTENSIONS = YES;
				CLANG_ANALYZER_NONNULL = YES;
				CLANG_ANALYZER_NUMBER_OBJECT_CONVERSION = YES_AGGRESSIVE;
				CLANG_CXX_LANGUAGE_STANDARD = "gnu++20";
				CLANG_ENABLE_MODULES = YES;
				CLANG_ENABLE_OBJC_ARC = YES;
				CLANG_ENABLE_OBJC_WEAK = YES;
				CLANG_WARN_BLOCK_CAPTURE_AUTORELEASING = YES;
				CLANG_WARN_BOOL_CONVERSION = YES;
				CLANG_WARN_COMMA = YES;
				CLANG_WARN_CONSTANT_CONVERSION = YES;
				CLANG_WARN_DEPRECATED_OBJC_IMPLEMENTATIONS = YES;
				CLANG_WARN_DIRECT_OBJC_ISA_USAGE = YES_ERROR;
				CLANG_WARN_DOCUMENTATION_COMMENTS = YES;
				CLANG_WARN_EMPTY_BODY = YES;
				CLANG_WARN_ENUM_CONVERSION = YES;
				CLANG_WARN_INFINITE_RECURSION = YES;
				CLANG_WARN_INT_CONVERSION = YES;
				CLANG_WARN_NON_LITERAL_NULL_CONVERSION = YES;
				CLANG_WARN_OBJC_IMPLICIT_RETAIN_SELF = YES;
				CLANG_WARN_OBJC_LITERAL_CONVERSION = YES;
				CLANG_WARN_OBJC_ROOT_CLASS = YES_ERROR;
				CLANG_WARN_QUOTED_INCLUDE_IN_FRAMEWORK_HEADER = YES;
				CLANG_WARN_RANGE_LOOP_ANALYSIS = YES;
				CLANG_WARN_STRICT_PROTOTYPES = YES;
				CLANG_WARN_SUSPICIOUS_MOVE = YES;
				CLANG_WARN_UNGUARDED_AVAILABILITY = YES_AGGRESSIVE;
				CLANG_WARN_UNREACHABLE_CODE = YES;
				CLANG_WARN__DUPLICATE_METHOD_MATCH = YES;
				COPY_PHASE_STRIP = NO;
				DEBUG_INFORMATION_FORMAT = dwarf;
				ENABLE_STRICT_OBJC_MSGSEND = YES;
				ENABLE_TESTABILITY = YES;
				ENABLE_USER_SCRIPT_SANDBOXING = YES;
				GCC_C_LANGUAGE_STANDARD = gnu17;
				GCC_DYNAMIC_NO_PIC = NO;
				GCC_NO_COMMON_BLOCKS = YES;
				GCC_OPTIMIZATION_LEVEL = 0;
				GCC_PREPROCESSOR_DEFINITIONS = (
					"DEBUG=1",
					"$(inherited)",
				);
				GCC_WARN_64_TO_32_BIT_CONVERSION = YES;
				GCC_WARN_ABOUT_RETURN_TYPE = YES_ERROR;
				GCC_WARN_UNDECLARED_SELECTOR = YES;
				GCC_WARN_UNINITIALIZED_AUTOS = YES_AGGRESSIVE;
				GCC_WARN_UNUSED_FUNCTION = YES;
				GCC_WARN_UNUSED_VARIABLE = YES;
				IPHONEOS_DEPLOYMENT_TARGET = 15.6;
				LOCALIZATION_PREFERS_STRING_CATALOGS = YES;
				MTL_ENABLE_DEBUG_INFO = INCLUDE_SOURCE;
				MTL_FAST_MATH = YES;
				ONLY_ACTIVE_ARCH = YES;
				SDKROOT = iphoneos;
				SWIFT_ACTIVE_COMPILATION_CONDITIONS = "DEBUG $(inherited)";
				SWIFT_OPTIMIZATION_LEVEL = "-Onone";
			};
			name = Debug;
		};
		0717C0BB2AE84CA900C140C9 /* Release */ = {
			isa = XCBuildConfiguration;
			buildSettings = {
				ALWAYS_SEARCH_USER_PATHS = NO;
				ASSETCATALOG_COMPILER_GENERATE_SWIFT_ASSET_SYMBOL_EXTENSIONS = YES;
				CLANG_ANALYZER_NONNULL = YES;
				CLANG_ANALYZER_NUMBER_OBJECT_CONVERSION = YES_AGGRESSIVE;
				CLANG_CXX_LANGUAGE_STANDARD = "gnu++20";
				CLANG_ENABLE_MODULES = YES;
				CLANG_ENABLE_OBJC_ARC = YES;
				CLANG_ENABLE_OBJC_WEAK = YES;
				CLANG_WARN_BLOCK_CAPTURE_AUTORELEASING = YES;
				CLANG_WARN_BOOL_CONVERSION = YES;
				CLANG_WARN_COMMA = YES;
				CLANG_WARN_CONSTANT_CONVERSION = YES;
				CLANG_WARN_DEPRECATED_OBJC_IMPLEMENTATIONS = YES;
				CLANG_WARN_DIRECT_OBJC_ISA_USAGE = YES_ERROR;
				CLANG_WARN_DOCUMENTATION_COMMENTS = YES;
				CLANG_WARN_EMPTY_BODY = YES;
				CLANG_WARN_ENUM_CONVERSION = YES;
				CLANG_WARN_INFINITE_RECURSION = YES;
				CLANG_WARN_INT_CONVERSION = YES;
				CLANG_WARN_NON_LITERAL_NULL_CONVERSION = YES;
				CLANG_WARN_OBJC_IMPLICIT_RETAIN_SELF = YES;
				CLANG_WARN_OBJC_LITERAL_CONVERSION = YES;
				CLANG_WARN_OBJC_ROOT_CLASS = YES_ERROR;
				CLANG_WARN_QUOTED_INCLUDE_IN_FRAMEWORK_HEADER = YES;
				CLANG_WARN_RANGE_LOOP_ANALYSIS = YES;
				CLANG_WARN_STRICT_PROTOTYPES = YES;
				CLANG_WARN_SUSPICIOUS_MOVE = YES;
				CLANG_WARN_UNGUARDED_AVAILABILITY = YES_AGGRESSIVE;
				CLANG_WARN_UNREACHABLE_CODE = YES;
				CLANG_WARN__DUPLICATE_METHOD_MATCH = YES;
				COPY_PHASE_STRIP = NO;
				DEBUG_INFORMATION_FORMAT = "dwarf-with-dsym";
				ENABLE_NS_ASSERTIONS = NO;
				ENABLE_STRICT_OBJC_MSGSEND = YES;
				ENABLE_USER_SCRIPT_SANDBOXING = YES;
				GCC_C_LANGUAGE_STANDARD = gnu17;
				GCC_NO_COMMON_BLOCKS = YES;
				GCC_WARN_64_TO_32_BIT_CONVERSION = YES;
				GCC_WARN_ABOUT_RETURN_TYPE = YES_ERROR;
				GCC_WARN_UNDECLARED_SELECTOR = YES;
				GCC_WARN_UNINITIALIZED_AUTOS = YES_AGGRESSIVE;
				GCC_WARN_UNUSED_FUNCTION = YES;
				GCC_WARN_UNUSED_VARIABLE = YES;
				IPHONEOS_DEPLOYMENT_TARGET = 15.6;
				LOCALIZATION_PREFERS_STRING_CATALOGS = YES;
				MTL_ENABLE_DEBUG_INFO = NO;
				MTL_FAST_MATH = YES;
				SDKROOT = iphoneos;
				SWIFT_COMPILATION_MODE = wholemodule;
				VALIDATE_PRODUCT = YES;
			};
			name = Release;
		};
		0717C0BD2AE84CA900C140C9 /* Debug */ = {
			isa = XCBuildConfiguration;
			buildSettings = {
				ASSETCATALOG_COMPILER_APPICON_NAME = AppIcon;
				ASSETCATALOG_COMPILER_GLOBAL_ACCENT_COLOR_NAME = AccentColor;
				CODE_SIGN_STYLE = Automatic;
				CURRENT_PROJECT_VERSION = 1;
				DEVELOPMENT_TEAM = X3GHGN4X8V;
				ENABLE_USER_SCRIPT_SANDBOXING = NO;
				GENERATE_INFOPLIST_FILE = YES;
				INFOPLIST_FILE = easyLanguage/Resources/Info.plist;
				INFOPLIST_KEY_CFBundleDisplayName = "Easy Language";
				INFOPLIST_KEY_LSApplicationCategoryType = "public.app-category.education";
				INFOPLIST_KEY_UIApplicationSupportsIndirectInputEvents = YES;
				INFOPLIST_KEY_UILaunchStoryboardName = LaunchScreen;
				INFOPLIST_KEY_UISupportedInterfaceOrientations_iPad = "UIInterfaceOrientationPortrait UIInterfaceOrientationPortraitUpsideDown UIInterfaceOrientationLandscapeLeft UIInterfaceOrientationLandscapeRight";
				INFOPLIST_KEY_UISupportedInterfaceOrientations_iPhone = "UIInterfaceOrientationPortrait UIInterfaceOrientationLandscapeLeft UIInterfaceOrientationLandscapeRight";
				IPHONEOS_DEPLOYMENT_TARGET = 15.6;
				LD_RUNPATH_SEARCH_PATHS = (
					"$(inherited)",
					"@executable_path/Frameworks",
				);
				MARKETING_VERSION = 1.0;
				PRODUCT_BUNDLE_IDENTIFIER = grigory.easyLanguage;
				PRODUCT_NAME = "$(TARGET_NAME)";
				SWIFT_EMIT_LOC_STRINGS = YES;
				SWIFT_VERSION = 5.0;
				TARGETED_DEVICE_FAMILY = "1,2";
			};
			name = Debug;
		};
		0717C0BE2AE84CA900C140C9 /* Release */ = {
			isa = XCBuildConfiguration;
			buildSettings = {
				ASSETCATALOG_COMPILER_APPICON_NAME = AppIcon;
				ASSETCATALOG_COMPILER_GLOBAL_ACCENT_COLOR_NAME = AccentColor;
				CODE_SIGN_STYLE = Automatic;
				CURRENT_PROJECT_VERSION = 1;
				DEVELOPMENT_TEAM = X3GHGN4X8V;
				ENABLE_USER_SCRIPT_SANDBOXING = NO;
				GENERATE_INFOPLIST_FILE = YES;
				INFOPLIST_FILE = easyLanguage/Resources/Info.plist;
				INFOPLIST_KEY_CFBundleDisplayName = "Easy Language";
				INFOPLIST_KEY_LSApplicationCategoryType = "public.app-category.education";
				INFOPLIST_KEY_UIApplicationSupportsIndirectInputEvents = YES;
				INFOPLIST_KEY_UILaunchStoryboardName = LaunchScreen;
				INFOPLIST_KEY_UISupportedInterfaceOrientations_iPad = "UIInterfaceOrientationPortrait UIInterfaceOrientationPortraitUpsideDown UIInterfaceOrientationLandscapeLeft UIInterfaceOrientationLandscapeRight";
				INFOPLIST_KEY_UISupportedInterfaceOrientations_iPhone = "UIInterfaceOrientationPortrait UIInterfaceOrientationLandscapeLeft UIInterfaceOrientationLandscapeRight";
				IPHONEOS_DEPLOYMENT_TARGET = 15.6;
				LD_RUNPATH_SEARCH_PATHS = (
					"$(inherited)",
					"@executable_path/Frameworks",
				);
				MARKETING_VERSION = 1.0;
				PRODUCT_BUNDLE_IDENTIFIER = grigory.easyLanguage;
				PRODUCT_NAME = "$(TARGET_NAME)";
				SWIFT_EMIT_LOC_STRINGS = YES;
				SWIFT_VERSION = 5.0;
				TARGETED_DEVICE_FAMILY = "1,2";
			};
			name = Release;
		};
/* End XCBuildConfiguration section */

/* Begin XCConfigurationList section */
		0717C0A32AE84CA700C140C9 /* Build configuration list for PBXProject "easyLanguage" */ = {
			isa = XCConfigurationList;
			buildConfigurations = (
				0717C0BA2AE84CA900C140C9 /* Debug */,
				0717C0BB2AE84CA900C140C9 /* Release */,
			);
			defaultConfigurationIsVisible = 0;
			defaultConfigurationName = Release;
		};
		0717C0BC2AE84CA900C140C9 /* Build configuration list for PBXNativeTarget "easyLanguage" */ = {
			isa = XCConfigurationList;
			buildConfigurations = (
				0717C0BD2AE84CA900C140C9 /* Debug */,
				0717C0BE2AE84CA900C140C9 /* Release */,
			);
			defaultConfigurationIsVisible = 0;
			defaultConfigurationName = Release;
		};
/* End XCConfigurationList section */

/* Begin XCRemoteSwiftPackageReference section */
		074F9DA62B2AF3C400132465 /* XCRemoteSwiftPackageReference "firebase-ios-sdk" */ = {
			isa = XCRemoteSwiftPackageReference;
			repositoryURL = "https://github.com/firebase/firebase-ios-sdk";
			requirement = {
				kind = upToNextMajorVersion;
				minimumVersion = 10.19.1;
			};
		};
		179FEC132B231AD000772FC8 /* XCRemoteSwiftPackageReference "Shuffle" */ = {
			isa = XCRemoteSwiftPackageReference;
			repositoryURL = "https://github.com/mac-gallagher/Shuffle.git";
			requirement = {
				branch = master;
				kind = branch;
			};
		};
/* End XCRemoteSwiftPackageReference section */

/* Begin XCSwiftPackageProductDependency section */
		074F9DA72B2AF3C400132465 /* FirebaseAnalytics */ = {
			isa = XCSwiftPackageProductDependency;
			package = 074F9DA62B2AF3C400132465 /* XCRemoteSwiftPackageReference "firebase-ios-sdk" */;
			productName = FirebaseAnalytics;
		};
		074F9DA92B2AF3C400132465 /* FirebaseAnalyticsOnDeviceConversion */ = {
			isa = XCSwiftPackageProductDependency;
			package = 074F9DA62B2AF3C400132465 /* XCRemoteSwiftPackageReference "firebase-ios-sdk" */;
			productName = FirebaseAnalyticsOnDeviceConversion;
		};
		074F9DAB2B2AF3C400132465 /* FirebaseAnalyticsSwift */ = {
			isa = XCSwiftPackageProductDependency;
			package = 074F9DA62B2AF3C400132465 /* XCRemoteSwiftPackageReference "firebase-ios-sdk" */;
			productName = FirebaseAnalyticsSwift;
		};
		074F9DAD2B2AF3C400132465 /* FirebaseAnalyticsWithoutAdIdSupport */ = {
			isa = XCSwiftPackageProductDependency;
			package = 074F9DA62B2AF3C400132465 /* XCRemoteSwiftPackageReference "firebase-ios-sdk" */;
			productName = FirebaseAnalyticsWithoutAdIdSupport;
		};
		074F9DAF2B2AF3C400132465 /* FirebaseAppCheck */ = {
			isa = XCSwiftPackageProductDependency;
			package = 074F9DA62B2AF3C400132465 /* XCRemoteSwiftPackageReference "firebase-ios-sdk" */;
			productName = FirebaseAppCheck;
		};
		179FEC142B231AD000772FC8 /* Shuffle */ = {
			isa = XCSwiftPackageProductDependency;
			package = 179FEC132B231AD000772FC8 /* XCRemoteSwiftPackageReference "Shuffle" */;
			productName = Shuffle;
		};
/* End XCSwiftPackageProductDependency section */
	};
	rootObject = 0717C0A02AE84CA700C140C9 /* Project object */;
}
