// !$*UTF8*$!
{
	archiveVersion = 1;
	classes = {
	};
	objectVersion = 56;
	objects = {

/* Begin PBXBuildFile section */
		0717C0AC2AE84CA700C140C9 /* AppDelegate.swift in Sources */ = {isa = PBXBuildFile; fileRef = 0717C0AB2AE84CA700C140C9 /* AppDelegate.swift */; };
		0717C0AE2AE84CA700C140C9 /* SceneDelegate.swift in Sources */ = {isa = PBXBuildFile; fileRef = 0717C0AD2AE84CA700C140C9 /* SceneDelegate.swift */; };
		0717C0B52AE84CA900C140C9 /* Assets.xcassets in Resources */ = {isa = PBXBuildFile; fileRef = 0717C0B42AE84CA900C140C9 /* Assets.xcassets */; };
		0717C0B82AE84CA900C140C9 /* LaunchScreen.storyboard in Resources */ = {isa = PBXBuildFile; fileRef = 0717C0B62AE84CA900C140C9 /* LaunchScreen.storyboard */; };
		0717C0CC2AE852DE00C140C9 /* UIColor + configurations.swift in Sources */ = {isa = PBXBuildFile; fileRef = 0717C0CB2AE852DE00C140C9 /* UIColor + configurations.swift */; };
		0717C0D32AE8536B00C140C9 /* Color.swift in Sources */ = {isa = PBXBuildFile; fileRef = 0717C0D22AE8536B00C140C9 /* Color.swift */; };
		0717C0D92AE8552E00C140C9 /* WordsViewContoller.swift in Sources */ = {isa = PBXBuildFile; fileRef = 0717C0D82AE8552E00C140C9 /* WordsViewContoller.swift */; };
		0717C0DB2AE8556000C140C9 /* WordsPresentor.swift in Sources */ = {isa = PBXBuildFile; fileRef = 0717C0DA2AE8556000C140C9 /* WordsPresentor.swift */; };
		0717C0DD2AE8557300C140C9 /* WordsModel.swift in Sources */ = {isa = PBXBuildFile; fileRef = 0717C0DC2AE8557300C140C9 /* WordsModel.swift */; };
		0717C0DF2AE8577200C140C9 /* TabBarController.swift in Sources */ = {isa = PBXBuildFile; fileRef = 0717C0DE2AE8577200C140C9 /* TabBarController.swift */; };
/* End PBXBuildFile section */

/* Begin PBXFileReference section */
		0717C0A82AE84CA700C140C9 /* easyLanguage.app */ = {isa = PBXFileReference; explicitFileType = wrapper.application; includeInIndex = 0; path = easyLanguage.app; sourceTree = BUILT_PRODUCTS_DIR; };
		0717C0AB2AE84CA700C140C9 /* AppDelegate.swift */ = {isa = PBXFileReference; lastKnownFileType = sourcecode.swift; path = AppDelegate.swift; sourceTree = "<group>"; };
		0717C0AD2AE84CA700C140C9 /* SceneDelegate.swift */ = {isa = PBXFileReference; lastKnownFileType = sourcecode.swift; path = SceneDelegate.swift; sourceTree = "<group>"; };
		0717C0B42AE84CA900C140C9 /* Assets.xcassets */ = {isa = PBXFileReference; lastKnownFileType = folder.assetcatalog; path = Assets.xcassets; sourceTree = "<group>"; };
		0717C0B72AE84CA900C140C9 /* Base */ = {isa = PBXFileReference; lastKnownFileType = file.storyboard; name = Base; path = Base.lproj/LaunchScreen.storyboard; sourceTree = "<group>"; };
		0717C0B92AE84CA900C140C9 /* Info.plist */ = {isa = PBXFileReference; lastKnownFileType = text.plist.xml; path = Info.plist; sourceTree = "<group>"; };
		0717C0CB2AE852DE00C140C9 /* UIColor + configurations.swift */ = {isa = PBXFileReference; lastKnownFileType = sourcecode.swift; path = "UIColor + configurations.swift"; sourceTree = "<group>"; };
		0717C0D22AE8536B00C140C9 /* Color.swift */ = {isa = PBXFileReference; lastKnownFileType = sourcecode.swift; name = Color.swift; path = Color/Color.swift; sourceTree = "<group>"; };
		0717C0D82AE8552E00C140C9 /* WordsViewContoller.swift */ = {isa = PBXFileReference; lastKnownFileType = sourcecode.swift; path = WordsViewContoller.swift; sourceTree = "<group>"; };
		0717C0DA2AE8556000C140C9 /* WordsPresentor.swift */ = {isa = PBXFileReference; lastKnownFileType = sourcecode.swift; path = WordsPresentor.swift; sourceTree = "<group>"; };
		0717C0DC2AE8557300C140C9 /* WordsModel.swift */ = {isa = PBXFileReference; lastKnownFileType = sourcecode.swift; path = WordsModel.swift; sourceTree = "<group>"; };
		0717C0DE2AE8577200C140C9 /* TabBarController.swift */ = {isa = PBXFileReference; lastKnownFileType = sourcecode.swift; path = TabBarController.swift; sourceTree = "<group>"; };
/* End PBXFileReference section */

/* Begin PBXFrameworksBuildPhase section */
		0717C0A52AE84CA700C140C9 /* Frameworks */ = {
			isa = PBXFrameworksBuildPhase;
			buildActionMask = 2147483647;
			files = (
			);
			runOnlyForDeploymentPostprocessing = 0;
		};
/* End PBXFrameworksBuildPhase section */

/* Begin PBXGroup section */
		0717C09F2AE84CA700C140C9 = {
			isa = PBXGroup;
			children = (
				0717C0AA2AE84CA700C140C9 /* easyLanguage */,
				0717C0A92AE84CA700C140C9 /* Products */,
			);
			sourceTree = "<group>";
		};
		0717C0A92AE84CA700C140C9 /* Products */ = {
			isa = PBXGroup;
			children = (
				0717C0A82AE84CA700C140C9 /* easyLanguage.app */,
			);
			name = Products;
			sourceTree = "<group>";
		};
		0717C0AA2AE84CA700C140C9 /* easyLanguage */ = {
			isa = PBXGroup;
			children = (
				0717C0DE2AE8577200C140C9 /* TabBarController.swift */,
				0717C0C22AE84D2000C140C9 /* Auth */,
				0717C0D62AE854E300C140C9 /* WordsModule */,
				0717C0D02AE8533D00C140C9 /* Modules */,
				0717C0C72AE8527000C140C9 /* UI */,
				0717C0E02AE85A5800C140C9 /* Network */,
				0717C0C02AE84D0500C140C9 /* Application */,
				0717C0C32AE84D2E00C140C9 /* Resources */,
			);
			path = easyLanguage;
			sourceTree = "<group>";
		};
		0717C0C02AE84D0500C140C9 /* Application */ = {
			isa = PBXGroup;
			children = (
				0717C0AB2AE84CA700C140C9 /* AppDelegate.swift */,
				0717C0AD2AE84CA700C140C9 /* SceneDelegate.swift */,
			);
			path = Application;
			sourceTree = "<group>";
		};
		0717C0C22AE84D2000C140C9 /* Auth */ = {
			isa = PBXGroup;
			children = (
			);
			path = Auth;
			sourceTree = "<group>";
		};
		0717C0C32AE84D2E00C140C9 /* Resources */ = {
			isa = PBXGroup;
			children = (
				0717C0B42AE84CA900C140C9 /* Assets.xcassets */,
				0717C0B62AE84CA900C140C9 /* LaunchScreen.storyboard */,
				0717C0B92AE84CA900C140C9 /* Info.plist */,
			);
			path = Resources;
			sourceTree = "<group>";
		};
		0717C0C52AE84D8900C140C9 /* Services */ = {
			isa = PBXGroup;
			children = (
			);
			path = Services;
			sourceTree = "<group>";
		};
		0717C0C72AE8527000C140C9 /* UI */ = {
			isa = PBXGroup;
			children = (
				0717C0E22AE85EAC00C140C9 /* View */,
				0717C0D42AE853B100C140C9 /* Button */,
				0717C0D52AE853BA00C140C9 /* Font */,
				0717C0C82AE8527500C140C9 /* Color */,
			);
			path = UI;
			sourceTree = "<group>";
		};
		0717C0C82AE8527500C140C9 /* Color */ = {
			isa = PBXGroup;
			children = (
				0717C0CB2AE852DE00C140C9 /* UIColor + configurations.swift */,
				0717C0D22AE8536B00C140C9 /* Color.swift */,
			);
			path = Color;
			sourceTree = "<group>";
		};
		0717C0D02AE8533D00C140C9 /* Modules */ = {
			isa = PBXGroup;
			children = (
			);
			path = Modules;
			sourceTree = "<group>";
		};
		0717C0D42AE853B100C140C9 /* Button */ = {
			isa = PBXGroup;
			children = (
			);
			path = Button;
			sourceTree = "<group>";
		};
		0717C0D52AE853BA00C140C9 /* Font */ = {
			isa = PBXGroup;
			children = (
			);
			path = Font;
			sourceTree = "<group>";
		};
		0717C0D62AE854E300C140C9 /* WordsModule */ = {
			isa = PBXGroup;
			children = (
				0717C0D82AE8552E00C140C9 /* WordsViewContoller.swift */,
				0717C0DA2AE8556000C140C9 /* WordsPresentor.swift */,
				0717C0DC2AE8557300C140C9 /* WordsModel.swift */,
				0717C0D72AE8551800C140C9 /* SubViews */,
			);
			path = WordsModule;
			sourceTree = "<group>";
		};
		0717C0D72AE8551800C140C9 /* SubViews */ = {
			isa = PBXGroup;
			children = (
			);
			path = SubViews;
			sourceTree = "<group>";
		};
		0717C0E02AE85A5800C140C9 /* Network */ = {
			isa = PBXGroup;
			children = (
				0717C0C52AE84D8900C140C9 /* Services */,
				0717C0E12AE85AA600C140C9 /* Errors */,
			);
			path = Network;
			sourceTree = "<group>";
		};
		0717C0E12AE85AA600C140C9 /* Errors */ = {
			isa = PBXGroup;
			children = (
			);
			path = Errors;
			sourceTree = "<group>";
		};
		0717C0E22AE85EAC00C140C9 /* View */ = {
			isa = PBXGroup;
			children = (
			);
			path = View;
			sourceTree = "<group>";
		};
/* End PBXGroup section */

/* Begin PBXNativeTarget section */
		0717C0A72AE84CA700C140C9 /* easyLanguage */ = {
			isa = PBXNativeTarget;
			buildConfigurationList = 0717C0BC2AE84CA900C140C9 /* Build configuration list for PBXNativeTarget "easyLanguage" */;
			buildPhases = (
				0717C0A42AE84CA700C140C9 /* Sources */,
				0717C0A52AE84CA700C140C9 /* Frameworks */,
				0717C0A62AE84CA700C140C9 /* Resources */,
			);
			buildRules = (
			);
			dependencies = (
			);
			name = easyLanguage;
			productName = easyLanguage;
			productReference = 0717C0A82AE84CA700C140C9 /* easyLanguage.app */;
			productType = "com.apple.product-type.application";
		};
/* End PBXNativeTarget section */

/* Begin PBXProject section */
		0717C0A02AE84CA700C140C9 /* Project object */ = {
			isa = PBXProject;
			attributes = {
				BuildIndependentTargetsInParallel = 1;
				LastSwiftUpdateCheck = 1500;
				LastUpgradeCheck = 1500;
				TargetAttributes = {
					0717C0A72AE84CA700C140C9 = {
						CreatedOnToolsVersion = 15.0.1;
					};
				};
			};
			buildConfigurationList = 0717C0A32AE84CA700C140C9 /* Build configuration list for PBXProject "easyLanguage" */;
			compatibilityVersion = "Xcode 14.0";
			developmentRegion = en;
			hasScannedForEncodings = 0;
			knownRegions = (
				en,
				Base,
			);
			mainGroup = 0717C09F2AE84CA700C140C9;
			productRefGroup = 0717C0A92AE84CA700C140C9 /* Products */;
			projectDirPath = "";
			projectRoot = "";
			targets = (
				0717C0A72AE84CA700C140C9 /* easyLanguage */,
			);
		};
/* End PBXProject section */

/* Begin PBXResourcesBuildPhase section */
		0717C0A62AE84CA700C140C9 /* Resources */ = {
			isa = PBXResourcesBuildPhase;
			buildActionMask = 2147483647;
			files = (
				0717C0B82AE84CA900C140C9 /* LaunchScreen.storyboard in Resources */,
				0717C0B52AE84CA900C140C9 /* Assets.xcassets in Resources */,
			);
			runOnlyForDeploymentPostprocessing = 0;
		};
/* End PBXResourcesBuildPhase section */

/* Begin PBXSourcesBuildPhase section */
		0717C0A42AE84CA700C140C9 /* Sources */ = {
			isa = PBXSourcesBuildPhase;
			buildActionMask = 2147483647;
			files = (
				0717C0DB2AE8556000C140C9 /* WordsPresentor.swift in Sources */,
				0717C0DD2AE8557300C140C9 /* WordsModel.swift in Sources */,
				0717C0DF2AE8577200C140C9 /* TabBarController.swift in Sources */,
				0717C0D92AE8552E00C140C9 /* WordsViewContoller.swift in Sources */,
				0717C0CC2AE852DE00C140C9 /* UIColor + configurations.swift in Sources */,
				0717C0AC2AE84CA700C140C9 /* AppDelegate.swift in Sources */,
				0717C0AE2AE84CA700C140C9 /* SceneDelegate.swift in Sources */,
				0717C0D32AE8536B00C140C9 /* Color.swift in Sources */,
			);
			runOnlyForDeploymentPostprocessing = 0;
		};
/* End PBXSourcesBuildPhase section */

/* Begin PBXVariantGroup section */
		0717C0B62AE84CA900C140C9 /* LaunchScreen.storyboard */ = {
			isa = PBXVariantGroup;
			children = (
				0717C0B72AE84CA900C140C9 /* Base */,
			);
			name = LaunchScreen.storyboard;
			sourceTree = "<group>";
		};
/* End PBXVariantGroup section */

/* Begin XCBuildConfiguration section */
		0717C0BA2AE84CA900C140C9 /* Debug */ = {
			isa = XCBuildConfiguration;
			buildSettings = {
				ALWAYS_SEARCH_USER_PATHS = NO;
				ASSETCATALOG_COMPILER_GENERATE_SWIFT_ASSET_SYMBOL_EXTENSIONS = YES;
				CLANG_ANALYZER_NONNULL = YES;
				CLANG_ANALYZER_NUMBER_OBJECT_CONVERSION = YES_AGGRESSIVE;
				CLANG_CXX_LANGUAGE_STANDARD = "gnu++20";
				CLANG_ENABLE_MODULES = YES;
				CLANG_ENABLE_OBJC_ARC = YES;
				CLANG_ENABLE_OBJC_WEAK = YES;
				CLANG_WARN_BLOCK_CAPTURE_AUTORELEASING = YES;
				CLANG_WARN_BOOL_CONVERSION = YES;
				CLANG_WARN_COMMA = YES;
				CLANG_WARN_CONSTANT_CONVERSION = YES;
				CLANG_WARN_DEPRECATED_OBJC_IMPLEMENTATIONS = YES;
				CLANG_WARN_DIRECT_OBJC_ISA_USAGE = YES_ERROR;
				CLANG_WARN_DOCUMENTATION_COMMENTS = YES;
				CLANG_WARN_EMPTY_BODY = YES;
				CLANG_WARN_ENUM_CONVERSION = YES;
				CLANG_WARN_INFINITE_RECURSION = YES;
				CLANG_WARN_INT_CONVERSION = YES;
				CLANG_WARN_NON_LITERAL_NULL_CONVERSION = YES;
				CLANG_WARN_OBJC_IMPLICIT_RETAIN_SELF = YES;
				CLANG_WARN_OBJC_LITERAL_CONVERSION = YES;
				CLANG_WARN_OBJC_ROOT_CLASS = YES_ERROR;
				CLANG_WARN_QUOTED_INCLUDE_IN_FRAMEWORK_HEADER = YES;
				CLANG_WARN_RANGE_LOOP_ANALYSIS = YES;
				CLANG_WARN_STRICT_PROTOTYPES = YES;
				CLANG_WARN_SUSPICIOUS_MOVE = YES;
				CLANG_WARN_UNGUARDED_AVAILABILITY = YES_AGGRESSIVE;
				CLANG_WARN_UNREACHABLE_CODE = YES;
				CLANG_WARN__DUPLICATE_METHOD_MATCH = YES;
				COPY_PHASE_STRIP = NO;
				DEBUG_INFORMATION_FORMAT = dwarf;
				ENABLE_STRICT_OBJC_MSGSEND = YES;
				ENABLE_TESTABILITY = YES;
				ENABLE_USER_SCRIPT_SANDBOXING = YES;
				GCC_C_LANGUAGE_STANDARD = gnu17;
				GCC_DYNAMIC_NO_PIC = NO;
				GCC_NO_COMMON_BLOCKS = YES;
				GCC_OPTIMIZATION_LEVEL = 0;
				GCC_PREPROCESSOR_DEFINITIONS = (
					"DEBUG=1",
					"$(inherited)",
				);
				GCC_WARN_64_TO_32_BIT_CONVERSION = YES;
				GCC_WARN_ABOUT_RETURN_TYPE = YES_ERROR;
				GCC_WARN_UNDECLARED_SELECTOR = YES;
				GCC_WARN_UNINITIALIZED_AUTOS = YES_AGGRESSIVE;
				GCC_WARN_UNUSED_FUNCTION = YES;
				GCC_WARN_UNUSED_VARIABLE = YES;
				IPHONEOS_DEPLOYMENT_TARGET = 17.0;
				LOCALIZATION_PREFERS_STRING_CATALOGS = YES;
				MTL_ENABLE_DEBUG_INFO = INCLUDE_SOURCE;
				MTL_FAST_MATH = YES;
				ONLY_ACTIVE_ARCH = YES;
				SDKROOT = iphoneos;
				SWIFT_ACTIVE_COMPILATION_CONDITIONS = "DEBUG $(inherited)";
				SWIFT_OPTIMIZATION_LEVEL = "-Onone";
			};
			name = Debug;
		};
		0717C0BB2AE84CA900C140C9 /* Release */ = {
			isa = XCBuildConfiguration;
			buildSettings = {
				ALWAYS_SEARCH_USER_PATHS = NO;
				ASSETCATALOG_COMPILER_GENERATE_SWIFT_ASSET_SYMBOL_EXTENSIONS = YES;
				CLANG_ANALYZER_NONNULL = YES;
				CLANG_ANALYZER_NUMBER_OBJECT_CONVERSION = YES_AGGRESSIVE;
				CLANG_CXX_LANGUAGE_STANDARD = "gnu++20";
				CLANG_ENABLE_MODULES = YES;
				CLANG_ENABLE_OBJC_ARC = YES;
				CLANG_ENABLE_OBJC_WEAK = YES;
				CLANG_WARN_BLOCK_CAPTURE_AUTORELEASING = YES;
				CLANG_WARN_BOOL_CONVERSION = YES;
				CLANG_WARN_COMMA = YES;
				CLANG_WARN_CONSTANT_CONVERSION = YES;
				CLANG_WARN_DEPRECATED_OBJC_IMPLEMENTATIONS = YES;
				CLANG_WARN_DIRECT_OBJC_ISA_USAGE = YES_ERROR;
				CLANG_WARN_DOCUMENTATION_COMMENTS = YES;
				CLANG_WARN_EMPTY_BODY = YES;
				CLANG_WARN_ENUM_CONVERSION = YES;
				CLANG_WARN_INFINITE_RECURSION = YES;
				CLANG_WARN_INT_CONVERSION = YES;
				CLANG_WARN_NON_LITERAL_NULL_CONVERSION = YES;
				CLANG_WARN_OBJC_IMPLICIT_RETAIN_SELF = YES;
				CLANG_WARN_OBJC_LITERAL_CONVERSION = YES;
				CLANG_WARN_OBJC_ROOT_CLASS = YES_ERROR;
				CLANG_WARN_QUOTED_INCLUDE_IN_FRAMEWORK_HEADER = YES;
				CLANG_WARN_RANGE_LOOP_ANALYSIS = YES;
				CLANG_WARN_STRICT_PROTOTYPES = YES;
				CLANG_WARN_SUSPICIOUS_MOVE = YES;
				CLANG_WARN_UNGUARDED_AVAILABILITY = YES_AGGRESSIVE;
				CLANG_WARN_UNREACHABLE_CODE = YES;
				CLANG_WARN__DUPLICATE_METHOD_MATCH = YES;
				COPY_PHASE_STRIP = NO;
				DEBUG_INFORMATION_FORMAT = "dwarf-with-dsym";
				ENABLE_NS_ASSERTIONS = NO;
				ENABLE_STRICT_OBJC_MSGSEND = YES;
				ENABLE_USER_SCRIPT_SANDBOXING = YES;
				GCC_C_LANGUAGE_STANDARD = gnu17;
				GCC_NO_COMMON_BLOCKS = YES;
				GCC_WARN_64_TO_32_BIT_CONVERSION = YES;
				GCC_WARN_ABOUT_RETURN_TYPE = YES_ERROR;
				GCC_WARN_UNDECLARED_SELECTOR = YES;
				GCC_WARN_UNINITIALIZED_AUTOS = YES_AGGRESSIVE;
				GCC_WARN_UNUSED_FUNCTION = YES;
				GCC_WARN_UNUSED_VARIABLE = YES;
				IPHONEOS_DEPLOYMENT_TARGET = 17.0;
				LOCALIZATION_PREFERS_STRING_CATALOGS = YES;
				MTL_ENABLE_DEBUG_INFO = NO;
				MTL_FAST_MATH = YES;
				SDKROOT = iphoneos;
				SWIFT_COMPILATION_MODE = wholemodule;
				VALIDATE_PRODUCT = YES;
			};
			name = Release;
		};
		0717C0BD2AE84CA900C140C9 /* Debug */ = {
			isa = XCBuildConfiguration;
			buildSettings = {
				ASSETCATALOG_COMPILER_APPICON_NAME = AppIcon;
				ASSETCATALOG_COMPILER_GLOBAL_ACCENT_COLOR_NAME = AccentColor;
				CODE_SIGN_STYLE = Automatic;
				CURRENT_PROJECT_VERSION = 1;
				GENERATE_INFOPLIST_FILE = YES;
				INFOPLIST_FILE = easyLanguage/Resources/Info.plist;
				INFOPLIST_KEY_UIApplicationSupportsIndirectInputEvents = YES;
				INFOPLIST_KEY_UILaunchStoryboardName = LaunchScreen;
				INFOPLIST_KEY_UIMainStoryboardFile = Main;
				INFOPLIST_KEY_UISupportedInterfaceOrientations_iPad = "UIInterfaceOrientationPortrait UIInterfaceOrientationPortraitUpsideDown UIInterfaceOrientationLandscapeLeft UIInterfaceOrientationLandscapeRight";
				INFOPLIST_KEY_UISupportedInterfaceOrientations_iPhone = "UIInterfaceOrientationPortrait UIInterfaceOrientationLandscapeLeft UIInterfaceOrientationLandscapeRight";
				LD_RUNPATH_SEARCH_PATHS = (
					"$(inherited)",
					"@executable_path/Frameworks",
				);
				MARKETING_VERSION = 1.0;
				PRODUCT_BUNDLE_IDENTIFIER = grigory.easyLanguage;
				PRODUCT_NAME = "$(TARGET_NAME)";
				SWIFT_EMIT_LOC_STRINGS = YES;
				SWIFT_VERSION = 5.0;
				TARGETED_DEVICE_FAMILY = "1,2";
			};
			name = Debug;
		};
		0717C0BE2AE84CA900C140C9 /* Release */ = {
			isa = XCBuildConfiguration;
			buildSettings = {
				ASSETCATALOG_COMPILER_APPICON_NAME = AppIcon;
				ASSETCATALOG_COMPILER_GLOBAL_ACCENT_COLOR_NAME = AccentColor;
				CODE_SIGN_STYLE = Automatic;
				CURRENT_PROJECT_VERSION = 1;
				GENERATE_INFOPLIST_FILE = YES;
				INFOPLIST_FILE = easyLanguage/Resources/Info.plist;
				INFOPLIST_KEY_UIApplicationSupportsIndirectInputEvents = YES;
				INFOPLIST_KEY_UILaunchStoryboardName = LaunchScreen;
				INFOPLIST_KEY_UIMainStoryboardFile = Main;
				INFOPLIST_KEY_UISupportedInterfaceOrientations_iPad = "UIInterfaceOrientationPortrait UIInterfaceOrientationPortraitUpsideDown UIInterfaceOrientationLandscapeLeft UIInterfaceOrientationLandscapeRight";
				INFOPLIST_KEY_UISupportedInterfaceOrientations_iPhone = "UIInterfaceOrientationPortrait UIInterfaceOrientationLandscapeLeft UIInterfaceOrientationLandscapeRight";
				LD_RUNPATH_SEARCH_PATHS = (
					"$(inherited)",
					"@executable_path/Frameworks",
				);
				MARKETING_VERSION = 1.0;
				PRODUCT_BUNDLE_IDENTIFIER = grigory.easyLanguage;
				PRODUCT_NAME = "$(TARGET_NAME)";
				SWIFT_EMIT_LOC_STRINGS = YES;
				SWIFT_VERSION = 5.0;
				TARGETED_DEVICE_FAMILY = "1,2";
			};
			name = Release;
		};
/* End XCBuildConfiguration section */

/* Begin XCConfigurationList section */
		0717C0A32AE84CA700C140C9 /* Build configuration list for PBXProject "easyLanguage" */ = {
			isa = XCConfigurationList;
			buildConfigurations = (
				0717C0BA2AE84CA900C140C9 /* Debug */,
				0717C0BB2AE84CA900C140C9 /* Release */,
			);
			defaultConfigurationIsVisible = 0;
			defaultConfigurationName = Release;
		};
		0717C0BC2AE84CA900C140C9 /* Build configuration list for PBXNativeTarget "easyLanguage" */ = {
			isa = XCConfigurationList;
			buildConfigurations = (
				0717C0BD2AE84CA900C140C9 /* Debug */,
				0717C0BE2AE84CA900C140C9 /* Release */,
			);
			defaultConfigurationIsVisible = 0;
			defaultConfigurationName = Release;
		};
/* End XCConfigurationList section */
	};
	rootObject = 0717C0A02AE84CA700C140C9 /* Project object */;
}
